// !$*UTF8*$!
{
	archiveVersion = 1;
	classes = {
	};
	objectVersion = 46;
	objects = {

/* Begin PBXBuildFile section */
		3F3E39141F0F00BC0094D579 /* AppDelegate.swift in Sources */ = {isa = PBXBuildFile; fileRef = 3F3E39131F0F00BC0094D579 /* AppDelegate.swift */; };
		3F3E39161F0F00BC0094D579 /* ViewController.swift in Sources */ = {isa = PBXBuildFile; fileRef = 3F3E39151F0F00BC0094D579 /* ViewController.swift */; };
		3F3E39191F0F00BC0094D579 /* Main.storyboard in Resources */ = {isa = PBXBuildFile; fileRef = 3F3E39171F0F00BC0094D579 /* Main.storyboard */; };
		3F3E391B1F0F00BC0094D579 /* Assets.xcassets in Resources */ = {isa = PBXBuildFile; fileRef = 3F3E391A1F0F00BC0094D579 /* Assets.xcassets */; };
		3F3E391E1F0F00BC0094D579 /* LaunchScreen.storyboard in Resources */ = {isa = PBXBuildFile; fileRef = 3F3E391C1F0F00BC0094D579 /* LaunchScreen.storyboard */; };
		3F3E39291F0F00BC0094D579 /* OpenWeatherDemoTests.swift in Sources */ = {isa = PBXBuildFile; fileRef = 3F3E39281F0F00BC0094D579 /* OpenWeatherDemoTests.swift */; };
/* End PBXBuildFile section */

/* Begin PBXContainerItemProxy section */
		3F3E39251F0F00BC0094D579 /* PBXContainerItemProxy */ = {
			isa = PBXContainerItemProxy;
			containerPortal = 3F3E39081F0F00BC0094D579 /* Project object */;
			proxyType = 1;
			remoteGlobalIDString = 3F3E390F1F0F00BC0094D579;
			remoteInfo = OpenWeatherDemo;
		};
/* End PBXContainerItemProxy section */

/* Begin PBXFileReference section */
		3F3E39101F0F00BC0094D579 /* OpenWeatherDemo.app */ = {isa = PBXFileReference; explicitFileType = wrapper.application; includeInIndex = 0; path = OpenWeatherDemo.app; sourceTree = BUILT_PRODUCTS_DIR; };
		3F3E39131F0F00BC0094D579 /* AppDelegate.swift */ = {isa = PBXFileReference; lastKnownFileType = sourcecode.swift; path = AppDelegate.swift; sourceTree = "<group>"; };
		3F3E39151F0F00BC0094D579 /* ViewController.swift */ = {isa = PBXFileReference; lastKnownFileType = sourcecode.swift; path = ViewController.swift; sourceTree = "<group>"; };
		3F3E39181F0F00BC0094D579 /* Base */ = {isa = PBXFileReference; lastKnownFileType = file.storyboard; name = Base; path = Base.lproj/Main.storyboard; sourceTree = "<group>"; };
		3F3E391A1F0F00BC0094D579 /* Assets.xcassets */ = {isa = PBXFileReference; lastKnownFileType = folder.assetcatalog; path = Assets.xcassets; sourceTree = "<group>"; };
		3F3E391D1F0F00BC0094D579 /* Base */ = {isa = PBXFileReference; lastKnownFileType = file.storyboard; name = Base; path = Base.lproj/LaunchScreen.storyboard; sourceTree = "<group>"; };
		3F3E391F1F0F00BC0094D579 /* Info.plist */ = {isa = PBXFileReference; lastKnownFileType = text.plist.xml; path = Info.plist; sourceTree = "<group>"; };
		3F3E39241F0F00BC0094D579 /* OpenWeatherDemoTests.xctest */ = {isa = PBXFileReference; explicitFileType = wrapper.cfbundle; includeInIndex = 0; path = OpenWeatherDemoTests.xctest; sourceTree = BUILT_PRODUCTS_DIR; };
		3F3E39281F0F00BC0094D579 /* OpenWeatherDemoTests.swift */ = {isa = PBXFileReference; lastKnownFileType = sourcecode.swift; path = OpenWeatherDemoTests.swift; sourceTree = "<group>"; };
		3F3E392A1F0F00BC0094D579 /* Info.plist */ = {isa = PBXFileReference; lastKnownFileType = text.plist.xml; path = Info.plist; sourceTree = "<group>"; };
/* End PBXFileReference section */

/* Begin PBXFrameworksBuildPhase section */
		3F3E390D1F0F00BC0094D579 /* Frameworks */ = {
			isa = PBXFrameworksBuildPhase;
			buildActionMask = 2147483647;
			files = (
			);
			runOnlyForDeploymentPostprocessing = 0;
		};
		3F3E39211F0F00BC0094D579 /* Frameworks */ = {
			isa = PBXFrameworksBuildPhase;
			buildActionMask = 2147483647;
			files = (
			);
			runOnlyForDeploymentPostprocessing = 0;
		};
/* End PBXFrameworksBuildPhase section */

/* Begin PBXGroup section */
		3F3E39071F0F00BC0094D579 = {
			isa = PBXGroup;
			children = (
				3F3E39121F0F00BC0094D579 /* OpenWeatherDemo */,
				3F3E39271F0F00BC0094D579 /* OpenWeatherDemoTests */,
				3F3E39111F0F00BC0094D579 /* Products */,
			);
			sourceTree = "<group>";
		};
		3F3E39111F0F00BC0094D579 /* Products */ = {
			isa = PBXGroup;
			children = (
				3F3E39101F0F00BC0094D579 /* OpenWeatherDemo.app */,
				3F3E39241F0F00BC0094D579 /* OpenWeatherDemoTests.xctest */,
			);
			name = Products;
			sourceTree = "<group>";
		};
		3F3E39121F0F00BC0094D579 /* OpenWeatherDemo */ = {
			isa = PBXGroup;
			children = (
				3F3E39131F0F00BC0094D579 /* AppDelegate.swift */,
				3F3E39151F0F00BC0094D579 /* ViewController.swift */,
				3F3E39171F0F00BC0094D579 /* Main.storyboard */,
				3F3E391A1F0F00BC0094D579 /* Assets.xcassets */,
				3F3E391C1F0F00BC0094D579 /* LaunchScreen.storyboard */,
				3F3E391F1F0F00BC0094D579 /* Info.plist */,
			);
			path = OpenWeatherDemo;
			sourceTree = "<group>";
		};
		3F3E39271F0F00BC0094D579 /* OpenWeatherDemoTests */ = {
			isa = PBXGroup;
			children = (
				3F3E39281F0F00BC0094D579 /* OpenWeatherDemoTests.swift */,
				3F3E392A1F0F00BC0094D579 /* Info.plist */,
			);
			path = OpenWeatherDemoTests;
			sourceTree = "<group>";
		};
/* End PBXGroup section */

/* Begin PBXNativeTarget section */
		3F3E390F1F0F00BC0094D579 /* OpenWeatherDemo */ = {
			isa = PBXNativeTarget;
			buildConfigurationList = 3F3E392D1F0F00BC0094D579 /* Build configuration list for PBXNativeTarget "OpenWeatherDemo" */;
			buildPhases = (
				3F3E390C1F0F00BC0094D579 /* Sources */,
				3F3E390D1F0F00BC0094D579 /* Frameworks */,
				3F3E390E1F0F00BC0094D579 /* Resources */,
			);
			buildRules = (
			);
			dependencies = (
			);
			name = OpenWeatherDemo;
			productName = OpenWeatherDemo;
			productReference = 3F3E39101F0F00BC0094D579 /* OpenWeatherDemo.app */;
			productType = "com.apple.product-type.application";
		};
		3F3E39231F0F00BC0094D579 /* OpenWeatherDemoTests */ = {
			isa = PBXNativeTarget;
			buildConfigurationList = 3F3E39301F0F00BC0094D579 /* Build configuration list for PBXNativeTarget "OpenWeatherDemoTests" */;
			buildPhases = (
				3F3E39201F0F00BC0094D579 /* Sources */,
				3F3E39211F0F00BC0094D579 /* Frameworks */,
				3F3E39221F0F00BC0094D579 /* Resources */,
			);
			buildRules = (
			);
			dependencies = (
				3F3E39261F0F00BC0094D579 /* PBXTargetDependency */,
			);
			name = OpenWeatherDemoTests;
			productName = OpenWeatherDemoTests;
			productReference = 3F3E39241F0F00BC0094D579 /* OpenWeatherDemoTests.xctest */;
			productType = "com.apple.product-type.bundle.unit-test";
		};
/* End PBXNativeTarget section */

/* Begin PBXProject section */
		3F3E39081F0F00BC0094D579 /* Project object */ = {
			isa = PBXProject;
			attributes = {
				LastSwiftUpdateCheck = 0830;
				LastUpgradeCheck = 0830;
				ORGANIZATIONNAME = "Kyle Watson";
				TargetAttributes = {
					3F3E390F1F0F00BC0094D579 = {
						CreatedOnToolsVersion = 8.3.3;
						DevelopmentTeam = 8D89N6UBF6;
						ProvisioningStyle = Automatic;
					};
					3F3E39231F0F00BC0094D579 = {
						CreatedOnToolsVersion = 8.3.3;
						DevelopmentTeam = 8D89N6UBF6;
						ProvisioningStyle = Automatic;
						TestTargetID = 3F3E390F1F0F00BC0094D579;
					};
				};
			};
			buildConfigurationList = 3F3E390B1F0F00BC0094D579 /* Build configuration list for PBXProject "OpenWeatherDemo" */;
			compatibilityVersion = "Xcode 3.2";
			developmentRegion = English;
			hasScannedForEncodings = 0;
			knownRegions = (
				en,
				Base,
			);
			mainGroup = 3F3E39071F0F00BC0094D579;
			productRefGroup = 3F3E39111F0F00BC0094D579 /* Products */;
			projectDirPath = "";
			projectRoot = "";
			targets = (
				3F3E390F1F0F00BC0094D579 /* OpenWeatherDemo */,
				3F3E39231F0F00BC0094D579 /* OpenWeatherDemoTests */,
			);
		};
/* End PBXProject section */

/* Begin PBXResourcesBuildPhase section */
		3F3E390E1F0F00BC0094D579 /* Resources */ = {
			isa = PBXResourcesBuildPhase;
			buildActionMask = 2147483647;
			files = (
				3F3E391E1F0F00BC0094D579 /* LaunchScreen.storyboard in Resources */,
				3F3E391B1F0F00BC0094D579 /* Assets.xcassets in Resources */,
				3F3E39191F0F00BC0094D579 /* Main.storyboard in Resources */,
			);
			runOnlyForDeploymentPostprocessing = 0;
		};
		3F3E39221F0F00BC0094D579 /* Resources */ = {
			isa = PBXResourcesBuildPhase;
			buildActionMask = 2147483647;
			files = (
			);
			runOnlyForDeploymentPostprocessing = 0;
		};
/* End PBXResourcesBuildPhase section */

/* Begin PBXSourcesBuildPhase section */
		3F3E390C1F0F00BC0094D579 /* Sources */ = {
			isa = PBXSourcesBuildPhase;
			buildActionMask = 2147483647;
			files = (
				3F3E39161F0F00BC0094D579 /* ViewController.swift in Sources */,
				3F3E39141F0F00BC0094D579 /* AppDelegate.swift in Sources */,
			);
			runOnlyForDeploymentPostprocessing = 0;
		};
		3F3E39201F0F00BC0094D579 /* Sources */ = {
			isa = PBXSourcesBuildPhase;
			buildActionMask = 2147483647;
			files = (
				3F3E39291F0F00BC0094D579 /* OpenWeatherDemoTests.swift in Sources */,
			);
			runOnlyForDeploymentPostprocessing = 0;
		};
/* End PBXSourcesBuildPhase section */

/* Begin PBXTargetDependency section */
		3F3E39261F0F00BC0094D579 /* PBXTargetDependency */ = {
			isa = PBXTargetDependency;
			target = 3F3E390F1F0F00BC0094D579 /* OpenWeatherDemo */;
			targetProxy = 3F3E39251F0F00BC0094D579 /* PBXContainerItemProxy */;
		};
/* End PBXTargetDependency section */

/* Begin PBXVariantGroup section */
		3F3E39171F0F00BC0094D579 /* Main.storyboard */ = {
			isa = PBXVariantGroup;
			children = (
				3F3E39181F0F00BC0094D579 /* Base */,
			);
			name = Main.storyboard;
			sourceTree = "<group>";
		};
		3F3E391C1F0F00BC0094D579 /* LaunchScreen.storyboard */ = {
			isa = PBXVariantGroup;
			children = (
				3F3E391D1F0F00BC0094D579 /* Base */,
			);
			name = LaunchScreen.storyboard;
			sourceTree = "<group>";
		};
/* End PBXVariantGroup section */

/* Begin XCBuildConfiguration section */
		3F3E392B1F0F00BC0094D579 /* Debug */ = {
			isa = XCBuildConfiguration;
			buildSettings = {
				ALWAYS_SEARCH_USER_PATHS = NO;
				CLANG_ANALYZER_NONNULL = YES;
				CLANG_ANALYZER_NUMBER_OBJECT_CONVERSION = YES_AGGRESSIVE;
				CLANG_CXX_LANGUAGE_STANDARD = "gnu++0x";
				CLANG_CXX_LIBRARY = "libc++";
				CLANG_ENABLE_MODULES = YES;
				CLANG_ENABLE_OBJC_ARC = YES;
				CLANG_WARN_BOOL_CONVERSION = YES;
				CLANG_WARN_CONSTANT_CONVERSION = YES;
				CLANG_WARN_DIRECT_OBJC_ISA_USAGE = YES_ERROR;
				CLANG_WARN_DOCUMENTATION_COMMENTS = YES;
				CLANG_WARN_EMPTY_BODY = YES;
				CLANG_WARN_ENUM_CONVERSION = YES;
				CLANG_WARN_INFINITE_RECURSION = YES;
				CLANG_WARN_INT_CONVERSION = YES;
				CLANG_WARN_OBJC_ROOT_CLASS = YES_ERROR;
				CLANG_WARN_SUSPICIOUS_MOVE = YES;
				CLANG_WARN_UNREACHABLE_CODE = YES;
				CLANG_WARN__DUPLICATE_METHOD_MATCH = YES;
				"CODE_SIGN_IDENTITY[sdk=iphoneos*]" = "iPhone Developer";
				COPY_PHASE_STRIP = NO;
				DEBUG_INFORMATION_FORMAT = dwarf;
				ENABLE_STRICT_OBJC_MSGSEND = YES;
				ENABLE_TESTABILITY = YES;
				GCC_C_LANGUAGE_STANDARD = gnu99;
				GCC_DYNAMIC_NO_PIC = NO;
				GCC_NO_COMMON_BLOCKS = YES;
				GCC_OPTIMIZATION_LEVEL = 0;
				GCC_PREPROCESSOR_DEFINITIONS = (
					"DEBUG=1",
					"$(inherited)",
				);
				GCC_WARN_64_TO_32_BIT_CONVERSION = YES;
				GCC_WARN_ABOUT_RETURN_TYPE = YES_ERROR;
				GCC_WARN_UNDECLARED_SELECTOR = YES;
				GCC_WARN_UNINITIALIZED_AUTOS = YES_AGGRESSIVE;
				GCC_WARN_UNUSED_FUNCTION = YES;
				GCC_WARN_UNUSED_VARIABLE = YES;
				IPHONEOS_DEPLOYMENT_TARGET = 10.3;
				MTL_ENABLE_DEBUG_INFO = YES;
				ONLY_ACTIVE_ARCH = YES;
				SDKROOT = iphoneos;
				SWIFT_ACTIVE_COMPILATION_CONDITIONS = DEBUG;
				SWIFT_OPTIMIZATION_LEVEL = "-Onone";
				TARGETED_DEVICE_FAMILY = "1,2";
			};
			name = Debug;
		};
		3F3E392C1F0F00BC0094D579 /* Release */ = {
			isa = XCBuildConfiguration;
			buildSettings = {
				ALWAYS_SEARCH_USER_PATHS = NO;
				CLANG_ANALYZER_NONNULL = YES;
				CLANG_ANALYZER_NUMBER_OBJECT_CONVERSION = YES_AGGRESSIVE;
				CLANG_CXX_LANGUAGE_STANDARD = "gnu++0x";
				CLANG_CXX_LIBRARY = "libc++";
				CLANG_ENABLE_MODULES = YES;
				CLANG_ENABLE_OBJC_ARC = YES;
				CLANG_WARN_BOOL_CONVERSION = YES;
				CLANG_WARN_CONSTANT_CONVERSION = YES;
				CLANG_WARN_DIRECT_OBJC_ISA_USAGE = YES_ERROR;
				CLANG_WARN_DOCUMENTATION_COMMENTS = YES;
				CLANG_WARN_EMPTY_BODY = YES;
				CLANG_WARN_ENUM_CONVERSION = YES;
				CLANG_WARN_INFINITE_RECURSION = YES;
				CLANG_WARN_INT_CONVERSION = YES;
				CLANG_WARN_OBJC_ROOT_CLASS = YES_ERROR;
				CLANG_WARN_SUSPICIOUS_MOVE = YES;
				CLANG_WARN_UNREACHABLE_CODE = YES;
				CLANG_WARN__DUPLICATE_METHOD_MATCH = YES;
				"CODE_SIGN_IDENTITY[sdk=iphoneos*]" = "iPhone Developer";
				COPY_PHASE_STRIP = NO;
				DEBUG_INFORMATION_FORMAT = "dwarf-with-dsym";
				ENABLE_NS_ASSERTIONS = NO;
				ENABLE_STRICT_OBJC_MSGSEND = YES;
				GCC_C_LANGUAGE_STANDARD = gnu99;
				GCC_NO_COMMON_BLOCKS = YES;
				GCC_WARN_64_TO_32_BIT_CONVERSION = YES;
				GCC_WARN_ABOUT_RETURN_TYPE = YES_ERROR;
				GCC_WARN_UNDECLARED_SELECTOR = YES;
				GCC_WARN_UNINITIALIZED_AUTOS = YES_AGGRESSIVE;
				GCC_WARN_UNUSED_FUNCTION = YES;
				GCC_WARN_UNUSED_VARIABLE = YES;
				IPHONEOS_DEPLOYMENT_TARGET = 10.3;
				MTL_ENABLE_DEBUG_INFO = NO;
				SDKROOT = iphoneos;
				SWIFT_OPTIMIZATION_LEVEL = "-Owholemodule";
				TARGETED_DEVICE_FAMILY = "1,2";
				VALIDATE_PRODUCT = YES;
			};
			name = Release;
		};
		3F3E392E1F0F00BC0094D579 /* Debug */ = {
			isa = XCBuildConfiguration;
			buildSettings = {
				ASSETCATALOG_COMPILER_APPICON_NAME = AppIcon;
				DEVELOPMENT_TEAM = 8D89N6UBF6;
				INFOPLIST_FILE = OpenWeatherDemo/Info.plist;
				LD_RUNPATH_SEARCH_PATHS = "$(inherited) @executable_path/Frameworks";
				PRODUCT_BUNDLE_IDENTIFIER = "com.kyle-watson.OpenWeatherDemo";
				PRODUCT_NAME = "$(TARGET_NAME)";
				SWIFT_VERSION = 3.0;
			};
			name = Debug;
		};
		3F3E392F1F0F00BC0094D579 /* Release */ = {
			isa = XCBuildConfiguration;
			buildSettings = {
				ASSETCATALOG_COMPILER_APPICON_NAME = AppIcon;
				DEVELOPMENT_TEAM = 8D89N6UBF6;
				INFOPLIST_FILE = OpenWeatherDemo/Info.plist;
				LD_RUNPATH_SEARCH_PATHS = "$(inherited) @executable_path/Frameworks";
				PRODUCT_BUNDLE_IDENTIFIER = "com.kyle-watson.OpenWeatherDemo";
				PRODUCT_NAME = "$(TARGET_NAME)";
				SWIFT_VERSION = 3.0;
			};
			name = Release;
		};
		3F3E39311F0F00BC0094D579 /* Debug */ = {
			isa = XCBuildConfiguration;
			buildSettings = {
				ALWAYS_EMBED_SWIFT_STANDARD_LIBRARIES = YES;
				BUNDLE_LOADER = "$(TEST_HOST)";
				DEVELOPMENT_TEAM = 8D89N6UBF6;
				INFOPLIST_FILE = OpenWeatherDemoTests/Info.plist;
				LD_RUNPATH_SEARCH_PATHS = "$(inherited) @executable_path/Frameworks @loader_path/Frameworks";
				PRODUCT_BUNDLE_IDENTIFIER = "com.kyle-watson.OpenWeatherDemoTests";
				PRODUCT_NAME = "$(TARGET_NAME)";
				SWIFT_VERSION = 3.0;
				TEST_HOST = "$(BUILT_PRODUCTS_DIR)/OpenWeatherDemo.app/OpenWeatherDemo";
			};
			name = Debug;
		};
		3F3E39321F0F00BC0094D579 /* Release */ = {
			isa = XCBuildConfiguration;
			buildSettings = {
				ALWAYS_EMBED_SWIFT_STANDARD_LIBRARIES = YES;
				BUNDLE_LOADER = "$(TEST_HOST)";
				DEVELOPMENT_TEAM = 8D89N6UBF6;
				INFOPLIST_FILE = OpenWeatherDemoTests/Info.plist;
				LD_RUNPATH_SEARCH_PATHS = "$(inherited) @executable_path/Frameworks @loader_path/Frameworks";
				PRODUCT_BUNDLE_IDENTIFIER = "com.kyle-watson.OpenWeatherDemoTests";
				PRODUCT_NAME = "$(TARGET_NAME)";
				SWIFT_VERSION = 3.0;
				TEST_HOST = "$(BUILT_PRODUCTS_DIR)/OpenWeatherDemo.app/OpenWeatherDemo";
			};
			name = Release;
		};
/* End XCBuildConfiguration section */

/* Begin XCConfigurationList section */
		3F3E390B1F0F00BC0094D579 /* Build configuration list for PBXProject "OpenWeatherDemo" */ = {
			isa = XCConfigurationList;
			buildConfigurations = (
				3F3E392B1F0F00BC0094D579 /* Debug */,
				3F3E392C1F0F00BC0094D579 /* Release */,
			);
			defaultConfigurationIsVisible = 0;
			defaultConfigurationName = Release;
		};
		3F3E392D1F0F00BC0094D579 /* Build configuration list for PBXNativeTarget "OpenWeatherDemo" */ = {
			isa = XCConfigurationList;
			buildConfigurations = (
				3F3E392E1F0F00BC0094D579 /* Debug */,
				3F3E392F1F0F00BC0094D579 /* Release */,
			);
			defaultConfigurationIsVisible = 0;
		};
		3F3E39301F0F00BC0094D579 /* Build configuration list for PBXNativeTarget "OpenWeatherDemoTests" */ = {
			isa = XCConfigurationList;
			buildConfigurations = (
				3F3E39311F0F00BC0094D579 /* Debug */,
				3F3E39321F0F00BC0094D579 /* Release */,
			);
			defaultConfigurationIsVisible = 0;
		};
/* End XCConfigurationList section */
	};
	rootObject = 3F3E39081F0F00BC0094D579 /* Project object */;
}
